
Microsoft Visual Studio Solution File, Format Version 12.00
# Visual Studio Version 17
VisualStudioVersion = 17.14.36301.6
MinimumVisualStudioVersion = 10.0.40219.1
Project("{FAE04EC0-301F-11D3-BF4B-00C04F79EFBC}") = "Dima.Core", "Dima.Core\Dima.Core.csproj", "{4F44608B-AEAA-4C8A-B795-ED7DD17DA510}"
EndProject
Project("{FAE04EC0-301F-11D3-BF4B-00C04F79EFBC}") = "Dima.Api", "Dima.Api\Dima.Api.csproj", "{650FBC65-A879-4367-B20F-0C5436A596B3}"
EndProject
Global
	GlobalSection(SolutionConfigurationPlatforms) = preSolution
		Debug|Any CPU = Debug|Any CPU
		Release|Any CPU = Release|Any CPU
	EndGlobalSection
	GlobalSection(ProjectConfigurationPlatforms) = postSolution
		{4F44608B-AEAA-4C8A-B795-ED7DD17DA510}.Debug|Any CPU.ActiveCfg = Debug|Any CPU
		{4F44608B-AEAA-4C8A-B795-ED7DD17DA510}.Debug|Any CPU.Build.0 = Debug|Any CPU
		{4F44608B-AEAA-4C8A-B795-ED7DD17DA510}.Release|Any CPU.ActiveCfg = Release|Any CPU
		{4F44608B-AEAA-4C8A-B795-ED7DD17DA510}.Release|Any CPU.Build.0 = Release|Any CPU
		{650FBC65-A879-4367-B20F-0C5436A596B3}.Debug|Any CPU.ActiveCfg = Debug|Any CPU
		{650FBC65-A879-4367-B20F-0C5436A596B3}.Debug|Any CPU.Build.0 = Debug|Any CPU
		{650FBC65-A879-4367-B20F-0C5436A596B3}.Release|Any CPU.ActiveCfg = Release|Any CPU
		{650FBC65-A879-4367-B20F-0C5436A596B3}.Release|Any CPU.Build.0 = Release|Any CPU
	EndGlobalSection
	GlobalSection(SolutionProperties) = preSolution
		HideSolutionNode = FALSE
	EndGlobalSection
	GlobalSection(ExtensibilityGlobals) = postSolution
		SolutionGuid = {A017CCF1-C127-4674-8640-B9CAF0BC4D9B}
	EndGlobalSection
EndGlobal
